
Microsoft Visual Studio Solution File, Format Version 12.00
# Visual Studio 15
VisualStudioVersion = 15.0.28307.329
MinimumVisualStudioVersion = 10.0.40219.1
Project("{FAE04EC0-301F-11D3-BF4B-00C04F79EFBC}") = "PhoneApp", "PhoneApp\PhoneApp.csproj", "{8CE8BBE3-C748-4292-9114-9BED3FAF1955}"
EndProject
Global
	GlobalSection(SolutionConfigurationPlatforms) = preSolution
		Debug|Any CPU = Debug|Any CPU
		Release|Any CPU = Release|Any CPU
	EndGlobalSection
	GlobalSection(ProjectConfigurationPlatforms) = postSolution
		{8CE8BBE3-C748-4292-9114-9BED3FAF1955}.Debug|Any CPU.ActiveCfg = Debug|Any CPU
		{8CE8BBE3-C748-4292-9114-9BED3FAF1955}.Debug|Any CPU.Build.0 = Debug|Any CPU
		{8CE8BBE3-C748-4292-9114-9BED3FAF1955}.Release|Any CPU.ActiveCfg = Release|Any CPU
		{8CE8BBE3-C748-4292-9114-9BED3FAF1955}.Release|Any CPU.Build.0 = Release|Any CPU
	EndGlobalSection
	GlobalSection(SolutionProperties) = preSolution
		HideSolutionNode = FALSE
	EndGlobalSection
	GlobalSection(ExtensibilityGlobals) = postSolution
		SolutionGuid = {52AD9864-836C-45CA-B8F3-A2344FFA5DEB}
	EndGlobalSection
EndGlobal
